
Microsoft Visual Studio Solution File, Format Version 12.00
# Visual Studio Version 16
VisualStudioVersion = 16.0.30114.105
MinimumVisualStudioVersion = 10.0.40219.1
Project("{FAE04EC0-301F-11D3-BF4B-00C04F79EFBC}") = "Atividade_1", "Atividade_1\Atividade_1.csproj", "{80633F8E-4614-4FF5-A17C-F298B7BB4908}"
EndProject
Project("{FAE04EC0-301F-11D3-BF4B-00C04F79EFBC}") = "Atividade_2", "Atividade_2\Atividade_2.csproj", "{766002E9-E123-46AA-8257-EBE6F65DE305}"
EndProject
Project("{FAE04EC0-301F-11D3-BF4B-00C04F79EFBC}") = "Atividade_3", "Atividade_3\Atividade_3.csproj", "{F2926A7F-541B-4207-90B5-A8DD9102F203}"
EndProject
Project("{FAE04EC0-301F-11D3-BF4B-00C04F79EFBC}") = "Atividade_4", "Atividade_4\Atividade_4.csproj", "{08FBA0E1-0329-4897-8C1B-C8B96BF55DDD}"
EndProject
Global
	GlobalSection(SolutionConfigurationPlatforms) = preSolution
		Debug|Any CPU = Debug|Any CPU
		Debug|x64 = Debug|x64
		Debug|x86 = Debug|x86
		Release|Any CPU = Release|Any CPU
		Release|x64 = Release|x64
		Release|x86 = Release|x86
	EndGlobalSection
	GlobalSection(SolutionProperties) = preSolution
		HideSolutionNode = FALSE
	EndGlobalSection
	GlobalSection(ProjectConfigurationPlatforms) = postSolution
		{80633F8E-4614-4FF5-A17C-F298B7BB4908}.Debug|Any CPU.ActiveCfg = Debug|Any CPU
		{80633F8E-4614-4FF5-A17C-F298B7BB4908}.Debug|Any CPU.Build.0 = Debug|Any CPU
		{80633F8E-4614-4FF5-A17C-F298B7BB4908}.Debug|x64.ActiveCfg = Debug|Any CPU
		{80633F8E-4614-4FF5-A17C-F298B7BB4908}.Debug|x64.Build.0 = Debug|Any CPU
		{80633F8E-4614-4FF5-A17C-F298B7BB4908}.Debug|x86.ActiveCfg = Debug|Any CPU
		{80633F8E-4614-4FF5-A17C-F298B7BB4908}.Debug|x86.Build.0 = Debug|Any CPU
		{80633F8E-4614-4FF5-A17C-F298B7BB4908}.Release|Any CPU.ActiveCfg = Release|Any CPU
		{80633F8E-4614-4FF5-A17C-F298B7BB4908}.Release|Any CPU.Build.0 = Release|Any CPU
		{80633F8E-4614-4FF5-A17C-F298B7BB4908}.Release|x64.ActiveCfg = Release|Any CPU
		{80633F8E-4614-4FF5-A17C-F298B7BB4908}.Release|x64.Build.0 = Release|Any CPU
		{80633F8E-4614-4FF5-A17C-F298B7BB4908}.Release|x86.ActiveCfg = Release|Any CPU
		{80633F8E-4614-4FF5-A17C-F298B7BB4908}.Release|x86.Build.0 = Release|Any CPU
		{766002E9-E123-46AA-8257-EBE6F65DE305}.Debug|Any CPU.ActiveCfg = Debug|Any CPU
		{766002E9-E123-46AA-8257-EBE6F65DE305}.Debug|Any CPU.Build.0 = Debug|Any CPU
		{766002E9-E123-46AA-8257-EBE6F65DE305}.Debug|x64.ActiveCfg = Debug|Any CPU
		{766002E9-E123-46AA-8257-EBE6F65DE305}.Debug|x64.Build.0 = Debug|Any CPU
		{766002E9-E123-46AA-8257-EBE6F65DE305}.Debug|x86.ActiveCfg = Debug|Any CPU
		{766002E9-E123-46AA-8257-EBE6F65DE305}.Debug|x86.Build.0 = Debug|Any CPU
		{766002E9-E123-46AA-8257-EBE6F65DE305}.Release|Any CPU.ActiveCfg = Release|Any CPU
		{766002E9-E123-46AA-8257-EBE6F65DE305}.Release|Any CPU.Build.0 = Release|Any CPU
		{766002E9-E123-46AA-8257-EBE6F65DE305}.Release|x64.ActiveCfg = Release|Any CPU
		{766002E9-E123-46AA-8257-EBE6F65DE305}.Release|x64.Build.0 = Release|Any CPU
		{766002E9-E123-46AA-8257-EBE6F65DE305}.Release|x86.ActiveCfg = Release|Any CPU
		{766002E9-E123-46AA-8257-EBE6F65DE305}.Release|x86.Build.0 = Release|Any CPU
		{F2926A7F-541B-4207-90B5-A8DD9102F203}.Debug|Any CPU.ActiveCfg = Debug|Any CPU
		{F2926A7F-541B-4207-90B5-A8DD9102F203}.Debug|Any CPU.Build.0 = Debug|Any CPU
		{F2926A7F-541B-4207-90B5-A8DD9102F203}.Debug|x64.ActiveCfg = Debug|Any CPU
		{F2926A7F-541B-4207-90B5-A8DD9102F203}.Debug|x64.Build.0 = Debug|Any CPU
		{F2926A7F-541B-4207-90B5-A8DD9102F203}.Debug|x86.ActiveCfg = Debug|Any CPU
		{F2926A7F-541B-4207-90B5-A8DD9102F203}.Debug|x86.Build.0 = Debug|Any CPU
		{F2926A7F-541B-4207-90B5-A8DD9102F203}.Release|Any CPU.ActiveCfg = Release|Any CPU
		{F2926A7F-541B-4207-90B5-A8DD9102F203}.Release|Any CPU.Build.0 = Release|Any CPU
		{F2926A7F-541B-4207-90B5-A8DD9102F203}.Release|x64.ActiveCfg = Release|Any CPU
		{F2926A7F-541B-4207-90B5-A8DD9102F203}.Release|x64.Build.0 = Release|Any CPU
		{F2926A7F-541B-4207-90B5-A8DD9102F203}.Release|x86.ActiveCfg = Release|Any CPU
		{F2926A7F-541B-4207-90B5-A8DD9102F203}.Release|x86.Build.0 = Release|Any CPU
		{08FBA0E1-0329-4897-8C1B-C8B96BF55DDD}.Debug|Any CPU.ActiveCfg = Debug|Any CPU
		{08FBA0E1-0329-4897-8C1B-C8B96BF55DDD}.Debug|Any CPU.Build.0 = Debug|Any CPU
		{08FBA0E1-0329-4897-8C1B-C8B96BF55DDD}.Debug|x64.ActiveCfg = Debug|Any CPU
		{08FBA0E1-0329-4897-8C1B-C8B96BF55DDD}.Debug|x64.Build.0 = Debug|Any CPU
		{08FBA0E1-0329-4897-8C1B-C8B96BF55DDD}.Debug|x86.ActiveCfg = Debug|Any CPU
		{08FBA0E1-0329-4897-8C1B-C8B96BF55DDD}.Debug|x86.Build.0 = Debug|Any CPU
		{08FBA0E1-0329-4897-8C1B-C8B96BF55DDD}.Release|Any CPU.ActiveCfg = Release|Any CPU
		{08FBA0E1-0329-4897-8C1B-C8B96BF55DDD}.Release|Any CPU.Build.0 = Release|Any CPU
		{08FBA0E1-0329-4897-8C1B-C8B96BF55DDD}.Release|x64.ActiveCfg = Release|Any CPU
		{08FBA0E1-0329-4897-8C1B-C8B96BF55DDD}.Release|x64.Build.0 = Release|Any CPU
		{08FBA0E1-0329-4897-8C1B-C8B96BF55DDD}.Release|x86.ActiveCfg = Release|Any CPU
		{08FBA0E1-0329-4897-8C1B-C8B96BF55DDD}.Release|x86.Build.0 = Release|Any CPU
	EndGlobalSection
EndGlobal
